// !$*UTF8*$!
{
	archiveVersion = 1;
	classes = {
	};
	objectVersion = 77;
	objects = {

/* Begin PBXBuildFile section */
		563A40F52E788C9800E608B7 /* menuView.swift in Sources */ = {isa = PBXBuildFile; fileRef = 563A40F42E788C9800E608B7 /* menuView.swift */; };
		5664C5672E724DE9006CEDFC /* nivelDificultad.swift in Sources */ = {isa = PBXBuildFile; fileRef = 5664C5662E724DE9006CEDFC /* nivelDificultad.swift */; };
		567BD3802E876AD800870F2F /* Actividad04.swift in Sources */ = {isa = PBXBuildFile; fileRef = 567BD37F2E876AD800870F2F /* Actividad04.swift */; };
		568ADC342E6F9F520069B1F6 /* starjedi.ttf in Resources */ = {isa = PBXBuildFile; fileRef = 568ADC332E6F9F520069B1F6 /* starjedi.ttf */; };
/* End PBXBuildFile section */

/* Begin PBXContainerItemProxy section */
		56C79E462E6F85AA000D2D80 /* PBXContainerItemProxy */ = {
			isa = PBXContainerItemProxy;
			containerPortal = 56C79E302E6F85A9000D2D80 /* Project object */;
			proxyType = 1;
			remoteGlobalIDString = 56C79E372E6F85A9000D2D80;
			remoteInfo = Tareas;
		};
		56C79E502E6F85AA000D2D80 /* PBXContainerItemProxy */ = {
			isa = PBXContainerItemProxy;
			containerPortal = 56C79E302E6F85A9000D2D80 /* Project object */;
			proxyType = 1;
			remoteGlobalIDString = 56C79E372E6F85A9000D2D80;
			remoteInfo = Tareas;
		};
/* End PBXContainerItemProxy section */

/* Begin PBXFileReference section */
		563A40F42E788C9800E608B7 /* menuView.swift */ = {isa = PBXFileReference; lastKnownFileType = sourcecode.swift; path = menuView.swift; sourceTree = "<group>"; };
		5664C5662E724DE9006CEDFC /* nivelDificultad.swift */ = {isa = PBXFileReference; lastKnownFileType = sourcecode.swift; path = nivelDificultad.swift; sourceTree = "<group>"; };
		567BD37F2E876AD800870F2F /* Actividad04.swift */ = {isa = PBXFileReference; lastKnownFileType = sourcecode.swift; path = Actividad04.swift; sourceTree = "<group>"; };
		568ADC332E6F9F520069B1F6 /* starjedi.ttf */ = {isa = PBXFileReference; lastKnownFileType = file; path = starjedi.ttf; sourceTree = "<group>"; };
		56C79E382E6F85A9000D2D80 /* Tareas.app */ = {isa = PBXFileReference; explicitFileType = wrapper.application; includeInIndex = 0; path = Tareas.app; sourceTree = BUILT_PRODUCTS_DIR; };
		56C79E452E6F85AA000D2D80 /* TareasTests.xctest */ = {isa = PBXFileReference; explicitFileType = wrapper.cfbundle; includeInIndex = 0; path = TareasTests.xctest; sourceTree = BUILT_PRODUCTS_DIR; };
		56C79E4F2E6F85AA000D2D80 /* TareasUITests.xctest */ = {isa = PBXFileReference; explicitFileType = wrapper.cfbundle; includeInIndex = 0; path = TareasUITests.xctest; sourceTree = BUILT_PRODUCTS_DIR; };
/* End PBXFileReference section */

/* Begin PBXFileSystemSynchronizedBuildFileExceptionSet section */
		568ADC362E6F9F720069B1F6 /* Exceptions for "Tareas" folder in "Tareas" target */ = {
			isa = PBXFileSystemSynchronizedBuildFileExceptionSet;
			membershipExceptions = (
				Info.plist,
			);
			target = 56C79E372E6F85A9000D2D80 /* Tareas */;
		};
/* End PBXFileSystemSynchronizedBuildFileExceptionSet section */

/* Begin PBXFileSystemSynchronizedRootGroup section */
		5605E6BB2E774BB2008E08A0 /* Componentes */ = {
			isa = PBXFileSystemSynchronizedRootGroup;
			path = Componentes;
			sourceTree = "<group>";
		};
		563A40EF2E788C3B00E608B7 /* IMC */ = {
			isa = PBXFileSystemSynchronizedRootGroup;
			path = IMC;
			sourceTree = "<group>";
		};
		563A40FB2E78D97400E608B7 /* examen */ = {
			isa = PBXFileSystemSynchronizedRootGroup;
			path = examen;
			sourceTree = "<group>";
		};
		56C79E3A2E6F85A9000D2D80 /* Tareas */ = {
			isa = PBXFileSystemSynchronizedRootGroup;
			exceptions = (
				568ADC362E6F9F720069B1F6 /* Exceptions for "Tareas" folder in "Tareas" target */,
			);
			path = Tareas;
			sourceTree = "<group>";
		};
		56C79E482E6F85AA000D2D80 /* TareasTests */ = {
			isa = PBXFileSystemSynchronizedRootGroup;
			path = TareasTests;
			sourceTree = "<group>";
		};
		56C79E522E6F85AA000D2D80 /* TareasUITests */ = {
			isa = PBXFileSystemSynchronizedRootGroup;
			path = TareasUITests;
			sourceTree = "<group>";
		};
		56D0564E2E8B5499003DFBF0 /* navigation */ = {
			isa = PBXFileSystemSynchronizedRootGroup;
			path = navigation;
			sourceTree = "<group>";
		};
/* End PBXFileSystemSynchronizedRootGroup section */

/* Begin PBXFrameworksBuildPhase section */
		56C79E352E6F85A9000D2D80 /* Frameworks */ = {
			isa = PBXFrameworksBuildPhase;
			buildActionMask = 2147483647;
			files = (
			);
			runOnlyForDeploymentPostprocessing = 0;
		};
		56C79E422E6F85AA000D2D80 /* Frameworks */ = {
			isa = PBXFrameworksBuildPhase;
			buildActionMask = 2147483647;
			files = (
			);
			runOnlyForDeploymentPostprocessing = 0;
		};
		56C79E4C2E6F85AA000D2D80 /* Frameworks */ = {
			isa = PBXFrameworksBuildPhase;
			buildActionMask = 2147483647;
			files = (
			);
			runOnlyForDeploymentPostprocessing = 0;
		};
/* End PBXFrameworksBuildPhase section */

/* Begin PBXGroup section */
		56C79E2F2E6F85A9000D2D80 = {
			isa = PBXGroup;
			children = (
				567BD37F2E876AD800870F2F /* Actividad04.swift */,
				563A40FB2E78D97400E608B7 /* examen */,
				563A40EF2E788C3B00E608B7 /* IMC */,
				5605E6BB2E774BB2008E08A0 /* Componentes */,
				5664C5662E724DE9006CEDFC /* nivelDificultad.swift */,
				56C79E3A2E6F85A9000D2D80 /* Tareas */,
				56C79E482E6F85AA000D2D80 /* TareasTests */,
				56C79E522E6F85AA000D2D80 /* TareasUITests */,
				56C79E392E6F85A9000D2D80 /* Products */,
				568ADC332E6F9F520069B1F6 /* starjedi.ttf */,
				563A40F42E788C9800E608B7 /* menuView.swift */,
				56D0564E2E8B5499003DFBF0 /* navigation */,
			);
			sourceTree = "<group>";
		};
		56C79E392E6F85A9000D2D80 /* Products */ = {
			isa = PBXGroup;
			children = (
				56C79E382E6F85A9000D2D80 /* Tareas.app */,
				56C79E452E6F85AA000D2D80 /* TareasTests.xctest */,
				56C79E4F2E6F85AA000D2D80 /* TareasUITests.xctest */,
			);
			name = Products;
			sourceTree = "<group>";
		};
/* End PBXGroup section */

/* Begin PBXNativeTarget section */
		56C79E372E6F85A9000D2D80 /* Tareas */ = {
			isa = PBXNativeTarget;
			buildConfigurationList = 56C79E592E6F85AA000D2D80 /* Build configuration list for PBXNativeTarget "Tareas" */;
			buildPhases = (
				56C79E342E6F85A9000D2D80 /* Sources */,
				56C79E352E6F85A9000D2D80 /* Frameworks */,
				56C79E362E6F85A9000D2D80 /* Resources */,
			);
			buildRules = (
			);
			dependencies = (
			);
			fileSystemSynchronizedGroups = (
				5605E6BB2E774BB2008E08A0 /* Componentes */,
				563A40EF2E788C3B00E608B7 /* IMC */,
				563A40FB2E78D97400E608B7 /* examen */,
				56C79E3A2E6F85A9000D2D80 /* Tareas */,
				56D0564E2E8B5499003DFBF0 /* navigation */,
			);
			name = Tareas;
			packageProductDependencies = (
			);
			productName = Tareas;
			productReference = 56C79E382E6F85A9000D2D80 /* Tareas.app */;
			productType = "com.apple.product-type.application";
		};
		56C79E442E6F85AA000D2D80 /* TareasTests */ = {
			isa = PBXNativeTarget;
			buildConfigurationList = 56C79E5C2E6F85AA000D2D80 /* Build configuration list for PBXNativeTarget "TareasTests" */;
			buildPhases = (
				56C79E412E6F85AA000D2D80 /* Sources */,
				56C79E422E6F85AA000D2D80 /* Frameworks */,
				56C79E432E6F85AA000D2D80 /* Resources */,
			);
			buildRules = (
			);
			dependencies = (
				56C79E472E6F85AA000D2D80 /* PBXTargetDependency */,
			);
			fileSystemSynchronizedGroups = (
				56C79E482E6F85AA000D2D80 /* TareasTests */,
			);
			name = TareasTests;
			packageProductDependencies = (
			);
			productName = TareasTests;
			productReference = 56C79E452E6F85AA000D2D80 /* TareasTests.xctest */;
			productType = "com.apple.product-type.bundle.unit-test";
		};
		56C79E4E2E6F85AA000D2D80 /* TareasUITests */ = {
			isa = PBXNativeTarget;
			buildConfigurationList = 56C79E5F2E6F85AA000D2D80 /* Build configuration list for PBXNativeTarget "TareasUITests" */;
			buildPhases = (
				56C79E4B2E6F85AA000D2D80 /* Sources */,
				56C79E4C2E6F85AA000D2D80 /* Frameworks */,
				56C79E4D2E6F85AA000D2D80 /* Resources */,
			);
			buildRules = (
			);
			dependencies = (
				56C79E512E6F85AA000D2D80 /* PBXTargetDependency */,
			);
			fileSystemSynchronizedGroups = (
				56C79E522E6F85AA000D2D80 /* TareasUITests */,
			);
			name = TareasUITests;
			packageProductDependencies = (
			);
			productName = TareasUITests;
			productReference = 56C79E4F2E6F85AA000D2D80 /* TareasUITests.xctest */;
			productType = "com.apple.product-type.bundle.ui-testing";
		};
/* End PBXNativeTarget section */

/* Begin PBXProject section */
		56C79E302E6F85A9000D2D80 /* Project object */ = {
			isa = PBXProject;
			attributes = {
				BuildIndependentTargetsInParallel = 1;
				LastSwiftUpdateCheck = 1640;
				LastUpgradeCheck = 1640;
				TargetAttributes = {
					56C79E372E6F85A9000D2D80 = {
						CreatedOnToolsVersion = 16.4;
					};
					56C79E442E6F85AA000D2D80 = {
						CreatedOnToolsVersion = 16.4;
						TestTargetID = 56C79E372E6F85A9000D2D80;
					};
					56C79E4E2E6F85AA000D2D80 = {
						CreatedOnToolsVersion = 16.4;
						TestTargetID = 56C79E372E6F85A9000D2D80;
					};
				};
			};
			buildConfigurationList = 56C79E332E6F85A9000D2D80 /* Build configuration list for PBXProject "Tareas" */;
			developmentRegion = en;
			hasScannedForEncodings = 0;
			knownRegions = (
				en,
				Base,
				es,
			);
			mainGroup = 56C79E2F2E6F85A9000D2D80;
			minimizedProjectReferenceProxies = 1;
			preferredProjectObjectVersion = 77;
			productRefGroup = 56C79E392E6F85A9000D2D80 /* Products */;
			projectDirPath = "";
			projectRoot = "";
			targets = (
				56C79E372E6F85A9000D2D80 /* Tareas */,
				56C79E442E6F85AA000D2D80 /* TareasTests */,
				56C79E4E2E6F85AA000D2D80 /* TareasUITests */,
			);
		};
/* End PBXProject section */

/* Begin PBXResourcesBuildPhase section */
		56C79E362E6F85A9000D2D80 /* Resources */ = {
			isa = PBXResourcesBuildPhase;
			buildActionMask = 2147483647;
			files = (
				568ADC342E6F9F520069B1F6 /* starjedi.ttf in Resources */,
			);
			runOnlyForDeploymentPostprocessing = 0;
		};
		56C79E432E6F85AA000D2D80 /* Resources */ = {
			isa = PBXResourcesBuildPhase;
			buildActionMask = 2147483647;
			files = (
			);
			runOnlyForDeploymentPostprocessing = 0;
		};
		56C79E4D2E6F85AA000D2D80 /* Resources */ = {
			isa = PBXResourcesBuildPhase;
			buildActionMask = 2147483647;
			files = (
			);
			runOnlyForDeploymentPostprocessing = 0;
		};
/* End PBXResourcesBuildPhase section */

/* Begin PBXSourcesBuildPhase section */
		56C79E342E6F85A9000D2D80 /* Sources */ = {
			isa = PBXSourcesBuildPhase;
			buildActionMask = 2147483647;
			files = (
				567BD3802E876AD800870F2F /* Actividad04.swift in Sources */,
				563A40F52E788C9800E608B7 /* menuView.swift in Sources */,
				5664C5672E724DE9006CEDFC /* nivelDificultad.swift in Sources */,
			);
			runOnlyForDeploymentPostprocessing = 0;
		};
		56C79E412E6F85AA000D2D80 /* Sources */ = {
			isa = PBXSourcesBuildPhase;
			buildActionMask = 2147483647;
			files = (
			);
			runOnlyForDeploymentPostprocessing = 0;
		};
		56C79E4B2E6F85AA000D2D80 /* Sources */ = {
			isa = PBXSourcesBuildPhase;
			buildActionMask = 2147483647;
			files = (
			);
			runOnlyForDeploymentPostprocessing = 0;
		};
/* End PBXSourcesBuildPhase section */

/* Begin PBXTargetDependency section */
		56C79E472E6F85AA000D2D80 /* PBXTargetDependency */ = {
			isa = PBXTargetDependency;
			target = 56C79E372E6F85A9000D2D80 /* Tareas */;
			targetProxy = 56C79E462E6F85AA000D2D80 /* PBXContainerItemProxy */;
		};
		56C79E512E6F85AA000D2D80 /* PBXTargetDependency */ = {
			isa = PBXTargetDependency;
			target = 56C79E372E6F85A9000D2D80 /* Tareas */;
			targetProxy = 56C79E502E6F85AA000D2D80 /* PBXContainerItemProxy */;
		};
/* End PBXTargetDependency section */

/* Begin XCBuildConfiguration section */
		56C79E572E6F85AA000D2D80 /* Debug */ = {
			isa = XCBuildConfiguration;
			buildSettings = {
				ALWAYS_SEARCH_USER_PATHS = NO;
				ASSETCATALOG_COMPILER_GENERATE_SWIFT_ASSET_SYMBOL_EXTENSIONS = YES;
				CLANG_ANALYZER_LOCALIZABILITY_NONLOCALIZED = YES;
				CLANG_ANALYZER_NONNULL = YES;
				CLANG_ANALYZER_NUMBER_OBJECT_CONVERSION = YES_AGGRESSIVE;
				CLANG_CXX_LANGUAGE_STANDARD = "gnu++20";
				CLANG_ENABLE_MODULES = YES;
				CLANG_ENABLE_OBJC_ARC = YES;
				CLANG_ENABLE_OBJC_WEAK = YES;
				CLANG_WARN_BLOCK_CAPTURE_AUTORELEASING = YES;
				CLANG_WARN_BOOL_CONVERSION = YES;
				CLANG_WARN_COMMA = YES;
				CLANG_WARN_CONSTANT_CONVERSION = YES;
				CLANG_WARN_DEPRECATED_OBJC_IMPLEMENTATIONS = YES;
				CLANG_WARN_DIRECT_OBJC_ISA_USAGE = YES_ERROR;
				CLANG_WARN_DOCUMENTATION_COMMENTS = YES;
				CLANG_WARN_EMPTY_BODY = YES;
				CLANG_WARN_ENUM_CONVERSION = YES;
				CLANG_WARN_INFINITE_RECURSION = YES;
				CLANG_WARN_INT_CONVERSION = YES;
				CLANG_WARN_NON_LITERAL_NULL_CONVERSION = YES;
				CLANG_WARN_OBJC_IMPLICIT_RETAIN_SELF = YES;
				CLANG_WARN_OBJC_LITERAL_CONVERSION = YES;
				CLANG_WARN_OBJC_ROOT_CLASS = YES_ERROR;
				CLANG_WARN_QUOTED_INCLUDE_IN_FRAMEWORK_HEADER = YES;
				CLANG_WARN_RANGE_LOOP_ANALYSIS = YES;
				CLANG_WARN_STRICT_PROTOTYPES = YES;
				CLANG_WARN_SUSPICIOUS_MOVE = YES;
				CLANG_WARN_UNGUARDED_AVAILABILITY = YES_AGGRESSIVE;
				CLANG_WARN_UNREACHABLE_CODE = YES;
				CLANG_WARN__DUPLICATE_METHOD_MATCH = YES;
				COPY_PHASE_STRIP = NO;
				DEBUG_INFORMATION_FORMAT = dwarf;
				DEVELOPMENT_TEAM = 9HQ4BHK47Y;
				ENABLE_STRICT_OBJC_MSGSEND = YES;
				ENABLE_TESTABILITY = YES;
				ENABLE_USER_SCRIPT_SANDBOXING = YES;
				GCC_C_LANGUAGE_STANDARD = gnu17;
				GCC_DYNAMIC_NO_PIC = NO;
				GCC_NO_COMMON_BLOCKS = YES;
				GCC_OPTIMIZATION_LEVEL = 0;
				GCC_PREPROCESSOR_DEFINITIONS = (
					"DEBUG=1",
					"$(inherited)",
				);
				GCC_WARN_64_TO_32_BIT_CONVERSION = YES;
				GCC_WARN_ABOUT_RETURN_TYPE = YES_ERROR;
				GCC_WARN_UNDECLARED_SELECTOR = YES;
				GCC_WARN_UNINITIALIZED_AUTOS = YES_AGGRESSIVE;
				GCC_WARN_UNUSED_FUNCTION = YES;
				GCC_WARN_UNUSED_VARIABLE = YES;
				IPHONEOS_DEPLOYMENT_TARGET = 18.5;
				LOCALIZATION_PREFERS_STRING_CATALOGS = YES;
				MTL_ENABLE_DEBUG_INFO = INCLUDE_SOURCE;
				MTL_FAST_MATH = YES;
				ONLY_ACTIVE_ARCH = YES;
				SDKROOT = iphoneos;
				SWIFT_ACTIVE_COMPILATION_CONDITIONS = "DEBUG $(inherited)";
				SWIFT_OPTIMIZATION_LEVEL = "-Onone";
			};
			name = Debug;
		};
		56C79E582E6F85AA000D2D80 /* Release */ = {
			isa = XCBuildConfiguration;
			buildSettings = {
				ALWAYS_SEARCH_USER_PATHS = NO;
				ASSETCATALOG_COMPILER_GENERATE_SWIFT_ASSET_SYMBOL_EXTENSIONS = YES;
				CLANG_ANALYZER_LOCALIZABILITY_NONLOCALIZED = YES;
				CLANG_ANALYZER_NONNULL = YES;
				CLANG_ANALYZER_NUMBER_OBJECT_CONVERSION = YES_AGGRESSIVE;
				CLANG_CXX_LANGUAGE_STANDARD = "gnu++20";
				CLANG_ENABLE_MODULES = YES;
				CLANG_ENABLE_OBJC_ARC = YES;
				CLANG_ENABLE_OBJC_WEAK = YES;
				CLANG_WARN_BLOCK_CAPTURE_AUTORELEASING = YES;
				CLANG_WARN_BOOL_CONVERSION = YES;
				CLANG_WARN_COMMA = YES;
				CLANG_WARN_CONSTANT_CONVERSION = YES;
				CLANG_WARN_DEPRECATED_OBJC_IMPLEMENTATIONS = YES;
				CLANG_WARN_DIRECT_OBJC_ISA_USAGE = YES_ERROR;
				CLANG_WARN_DOCUMENTATION_COMMENTS = YES;
				CLANG_WARN_EMPTY_BODY = YES;
				CLANG_WARN_ENUM_CONVERSION = YES;
				CLANG_WARN_INFINITE_RECURSION = YES;
				CLANG_WARN_INT_CONVERSION = YES;
				CLANG_WARN_NON_LITERAL_NULL_CONVERSION = YES;
				CLANG_WARN_OBJC_IMPLICIT_RETAIN_SELF = YES;
				CLANG_WARN_OBJC_LITERAL_CONVERSION = YES;
				CLANG_WARN_OBJC_ROOT_CLASS = YES_ERROR;
				CLANG_WARN_QUOTED_INCLUDE_IN_FRAMEWORK_HEADER = YES;
				CLANG_WARN_RANGE_LOOP_ANALYSIS = YES;
				CLANG_WARN_STRICT_PROTOTYPES = YES;
				CLANG_WARN_SUSPICIOUS_MOVE = YES;
				CLANG_WARN_UNGUARDED_AVAILABILITY = YES_AGGRESSIVE;
				CLANG_WARN_UNREACHABLE_CODE = YES;
				CLANG_WARN__DUPLICATE_METHOD_MATCH = YES;
				COPY_PHASE_STRIP = NO;
				DEBUG_INFORMATION_FORMAT = "dwarf-with-dsym";
				DEVELOPMENT_TEAM = 9HQ4BHK47Y;
				ENABLE_NS_ASSERTIONS = NO;
				ENABLE_STRICT_OBJC_MSGSEND = YES;
				ENABLE_USER_SCRIPT_SANDBOXING = YES;
				GCC_C_LANGUAGE_STANDARD = gnu17;
				GCC_NO_COMMON_BLOCKS = YES;
				GCC_WARN_64_TO_32_BIT_CONVERSION = YES;
				GCC_WARN_ABOUT_RETURN_TYPE = YES_ERROR;
				GCC_WARN_UNDECLARED_SELECTOR = YES;
				GCC_WARN_UNINITIALIZED_AUTOS = YES_AGGRESSIVE;
				GCC_WARN_UNUSED_FUNCTION = YES;
				GCC_WARN_UNUSED_VARIABLE = YES;
				IPHONEOS_DEPLOYMENT_TARGET = 18.5;
				LOCALIZATION_PREFERS_STRING_CATALOGS = YES;
				MTL_ENABLE_DEBUG_INFO = NO;
				MTL_FAST_MATH = YES;
				SDKROOT = iphoneos;
				SWIFT_COMPILATION_MODE = wholemodule;
				VALIDATE_PRODUCT = YES;
			};
			name = Release;
		};
		56C79E5A2E6F85AA000D2D80 /* Debug */ = {
			isa = XCBuildConfiguration;
			buildSettings = {
				ASSETCATALOG_COMPILER_APPICON_NAME = AppIcon;
				ASSETCATALOG_COMPILER_GLOBAL_ACCENT_COLOR_NAME = AccentColor;
				CODE_SIGN_STYLE = Automatic;
				CURRENT_PROJECT_VERSION = 1;
				DEVELOPMENT_TEAM = 9HQ4BHK47Y;
				ENABLE_PREVIEWS = YES;
				GENERATE_INFOPLIST_FILE = YES;
				INFOPLIST_FILE = Tareas/Info.plist;
				INFOPLIST_KEY_UIApplicationSceneManifest_Generation = YES;
				INFOPLIST_KEY_UIApplicationSupportsIndirectInputEvents = YES;
				INFOPLIST_KEY_UILaunchScreen_Generation = YES;
				INFOPLIST_KEY_UISupportedInterfaceOrientations_iPad = "UIInterfaceOrientationPortrait UIInterfaceOrientationPortraitUpsideDown UIInterfaceOrientationLandscapeLeft UIInterfaceOrientationLandscapeRight";
				INFOPLIST_KEY_UISupportedInterfaceOrientations_iPhone = "UIInterfaceOrientationPortrait UIInterfaceOrientationLandscapeLeft UIInterfaceOrientationLandscapeRight";
				LD_RUNPATH_SEARCH_PATHS = (
					"$(inherited)",
					"@executable_path/Frameworks",
				);
				MARKETING_VERSION = 1.0;
				PRODUCT_BUNDLE_IDENTIFIER = iest.Tareas;
				PRODUCT_NAME = "$(TARGET_NAME)";
				SWIFT_EMIT_LOC_STRINGS = YES;
				SWIFT_VERSION = 5.0;
				TARGETED_DEVICE_FAMILY = "1,2";
			};
			name = Debug;
		};
		56C79E5B2E6F85AA000D2D80 /* Release */ = {
			isa = XCBuildConfiguration;
			buildSettings = {
				ASSETCATALOG_COMPILER_APPICON_NAME = AppIcon;
				ASSETCATALOG_COMPILER_GLOBAL_ACCENT_COLOR_NAME = AccentColor;
				CODE_SIGN_STYLE = Automatic;
				CURRENT_PROJECT_VERSION = 1;
				DEVELOPMENT_TEAM = 9HQ4BHK47Y;
				ENABLE_PREVIEWS = YES;
				GENERATE_INFOPLIST_FILE = YES;
				INFOPLIST_FILE = Tareas/Info.plist;
				INFOPLIST_KEY_UIApplicationSceneManifest_Generation = YES;
				INFOPLIST_KEY_UIApplicationSupportsIndirectInputEvents = YES;
				INFOPLIST_KEY_UILaunchScreen_Generation = YES;
				INFOPLIST_KEY_UISupportedInterfaceOrientations_iPad = "UIInterfaceOrientationPortrait UIInterfaceOrientationPortraitUpsideDown UIInterfaceOrientationLandscapeLeft UIInterfaceOrientationLandscapeRight";
				INFOPLIST_KEY_UISupportedInterfaceOrientations_iPhone = "UIInterfaceOrientationPortrait UIInterfaceOrientationLandscapeLeft UIInterfaceOrientationLandscapeRight";
				LD_RUNPATH_SEARCH_PATHS = (
					"$(inherited)",
					"@executable_path/Frameworks",
				);
				MARKETING_VERSION = 1.0;
				PRODUCT_BUNDLE_IDENTIFIER = iest.Tareas;
				PRODUCT_NAME = "$(TARGET_NAME)";
				SWIFT_EMIT_LOC_STRINGS = YES;
				SWIFT_VERSION = 5.0;
				TARGETED_DEVICE_FAMILY = "1,2";
			};
			name = Release;
		};
		56C79E5D2E6F85AA000D2D80 /* Debug */ = {
			isa = XCBuildConfiguration;
			buildSettings = {
				BUNDLE_LOADER = "$(TEST_HOST)";
				CODE_SIGN_STYLE = Automatic;
				CURRENT_PROJECT_VERSION = 1;
				DEVELOPMENT_TEAM = 9HQ4BHK47Y;
				GENERATE_INFOPLIST_FILE = YES;
				IPHONEOS_DEPLOYMENT_TARGET = 18.5;
				MARKETING_VERSION = 1.0;
				PRODUCT_BUNDLE_IDENTIFIER = iest.TareasTests;
				PRODUCT_NAME = "$(TARGET_NAME)";
				SWIFT_EMIT_LOC_STRINGS = NO;
				SWIFT_VERSION = 5.0;
				TARGETED_DEVICE_FAMILY = "1,2";
				TEST_HOST = "$(BUILT_PRODUCTS_DIR)/Tareas.app/$(BUNDLE_EXECUTABLE_FOLDER_PATH)/Tareas";
			};
			name = Debug;
		};
		56C79E5E2E6F85AA000D2D80 /* Release */ = {
			isa = XCBuildConfiguration;
			buildSettings = {
				BUNDLE_LOADER = "$(TEST_HOST)";
				CODE_SIGN_STYLE = Automatic;
				CURRENT_PROJECT_VERSION = 1;
				DEVELOPMENT_TEAM = 9HQ4BHK47Y;
				GENERATE_INFOPLIST_FILE = YES;
				IPHONEOS_DEPLOYMENT_TARGET = 18.5;
				MARKETING_VERSION = 1.0;
				PRODUCT_BUNDLE_IDENTIFIER = iest.TareasTests;
				PRODUCT_NAME = "$(TARGET_NAME)";
				SWIFT_EMIT_LOC_STRINGS = NO;
				SWIFT_VERSION = 5.0;
				TARGETED_DEVICE_FAMILY = "1,2";
				TEST_HOST = "$(BUILT_PRODUCTS_DIR)/Tareas.app/$(BUNDLE_EXECUTABLE_FOLDER_PATH)/Tareas";
			};
			name = Release;
		};
		56C79E602E6F85AA000D2D80 /* Debug */ = {
			isa = XCBuildConfiguration;
			buildSettings = {
				CODE_SIGN_STYLE = Automatic;
				CURRENT_PROJECT_VERSION = 1;
				DEVELOPMENT_TEAM = 9HQ4BHK47Y;
				GENERATE_INFOPLIST_FILE = YES;
				MARKETING_VERSION = 1.0;
				PRODUCT_BUNDLE_IDENTIFIER = iest.TareasUITests;
				PRODUCT_NAME = "$(TARGET_NAME)";
				SWIFT_EMIT_LOC_STRINGS = NO;
				SWIFT_VERSION = 5.0;
				TARGETED_DEVICE_FAMILY = "1,2";
				TEST_TARGET_NAME = Tareas;
			};
			name = Debug;
		};
		56C79E612E6F85AA000D2D80 /* Release */ = {
			isa = XCBuildConfiguration;
			buildSettings = {
				CODE_SIGN_STYLE = Automatic;
				CURRENT_PROJECT_VERSION = 1;
				DEVELOPMENT_TEAM = 9HQ4BHK47Y;
				GENERATE_INFOPLIST_FILE = YES;
				MARKETING_VERSION = 1.0;
				PRODUCT_BUNDLE_IDENTIFIER = iest.TareasUITests;
				PRODUCT_NAME = "$(TARGET_NAME)";
				SWIFT_EMIT_LOC_STRINGS = NO;
				SWIFT_VERSION = 5.0;
				TARGETED_DEVICE_FAMILY = "1,2";
				TEST_TARGET_NAME = Tareas;
			};
			name = Release;
		};
/* End XCBuildConfiguration section */

/* Begin XCConfigurationList section */
		56C79E332E6F85A9000D2D80 /* Build configuration list for PBXProject "Tareas" */ = {
			isa = XCConfigurationList;
			buildConfigurations = (
				56C79E572E6F85AA000D2D80 /* Debug */,
				56C79E582E6F85AA000D2D80 /* Release */,
			);
			defaultConfigurationIsVisible = 0;
			defaultConfigurationName = Release;
		};
		56C79E592E6F85AA000D2D80 /* Build configuration list for PBXNativeTarget "Tareas" */ = {
			isa = XCConfigurationList;
			buildConfigurations = (
				56C79E5A2E6F85AA000D2D80 /* Debug */,
				56C79E5B2E6F85AA000D2D80 /* Release */,
			);
			defaultConfigurationIsVisible = 0;
			defaultConfigurationName = Release;
		};
		56C79E5C2E6F85AA000D2D80 /* Build configuration list for PBXNativeTarget "TareasTests" */ = {
			isa = XCConfigurationList;
			buildConfigurations = (
				56C79E5D2E6F85AA000D2D80 /* Debug */,
				56C79E5E2E6F85AA000D2D80 /* Release */,
			);
			defaultConfigurationIsVisible = 0;
			defaultConfigurationName = Release;
		};
		56C79E5F2E6F85AA000D2D80 /* Build configuration list for PBXNativeTarget "TareasUITests" */ = {
			isa = XCConfigurationList;
			buildConfigurations = (
				56C79E602E6F85AA000D2D80 /* Debug */,
				56C79E612E6F85AA000D2D80 /* Release */,
			);
			defaultConfigurationIsVisible = 0;
			defaultConfigurationName = Release;
		};
/* End XCConfigurationList section */
	};
	rootObject = 56C79E302E6F85A9000D2D80 /* Project object */;
}
